
Microsoft Visual Studio Solution File, Format Version 12.00
# Visual Studio 15
VisualStudioVersion = 15.0.27428.2015
MinimumVisualStudioVersion = 10.0.40219.1
Project("{FAE04EC0-301F-11D3-BF4B-00C04F79EFBC}") = "MinishMaker", "MinishMaker.csproj", "{3C2FC4CD-E21C-4031-A044-8A0EDB2390B4}"
EndProject
Project("{2150E333-8FDC-42A3-9474-1A3956D46DE8}") = "EventAssembler", "EventAssembler", "{1A650ED0-AAD0-4532-94E3-3567EC963E8E}"
EndProject
Project("{FAE04EC0-301F-11D3-BF4B-00C04F79EFBC}") = "ColorzCore", "Vendor\ColorzCore\ColorzCore\ColorzCore.csproj", "{B98F7CCF-9CAA-406E-88D7-2040FA99F631}"
EndProject
Global
	GlobalSection(SolutionConfigurationPlatforms) = preSolution
		Debug|Any CPU = Debug|Any CPU
		Debug|x86 = Debug|x86
		Release|Any CPU = Release|Any CPU
		Release|x86 = Release|x86
	EndGlobalSection
	GlobalSection(ProjectConfigurationPlatforms) = postSolution
		{3C2FC4CD-E21C-4031-A044-8A0EDB2390B4}.Debug|Any CPU.ActiveCfg = Release|Any CPU
		{3C2FC4CD-E21C-4031-A044-8A0EDB2390B4}.Debug|Any CPU.Build.0 = Release|Any CPU
		{3C2FC4CD-E21C-4031-A044-8A0EDB2390B4}.Debug|x86.ActiveCfg = Release|Any CPU
		{3C2FC4CD-E21C-4031-A044-8A0EDB2390B4}.Debug|x86.Build.0 = Release|Any CPU
		{3C2FC4CD-E21C-4031-A044-8A0EDB2390B4}.Release|Any CPU.ActiveCfg = Release|Any CPU
		{3C2FC4CD-E21C-4031-A044-8A0EDB2390B4}.Release|Any CPU.Build.0 = Release|Any CPU
		{3C2FC4CD-E21C-4031-A044-8A0EDB2390B4}.Release|x86.ActiveCfg = Release|Any CPU
		{3C2FC4CD-E21C-4031-A044-8A0EDB2390B4}.Release|x86.Build.0 = Release|Any CPU
		{B98F7CCF-9CAA-406E-88D7-2040FA99F631}.Debug|Any CPU.ActiveCfg = Release|Any CPU
		{B98F7CCF-9CAA-406E-88D7-2040FA99F631}.Debug|Any CPU.Build.0 = Release|Any CPU
		{B98F7CCF-9CAA-406E-88D7-2040FA99F631}.Debug|x86.ActiveCfg = Release|Any CPU
		{B98F7CCF-9CAA-406E-88D7-2040FA99F631}.Debug|x86.Build.0 = Release|Any CPU
		{B98F7CCF-9CAA-406E-88D7-2040FA99F631}.Release|Any CPU.ActiveCfg = Release|Any CPU
		{B98F7CCF-9CAA-406E-88D7-2040FA99F631}.Release|Any CPU.Build.0 = Release|Any CPU
		{B98F7CCF-9CAA-406E-88D7-2040FA99F631}.Release|x86.ActiveCfg = Release|Any CPU
		{B98F7CCF-9CAA-406E-88D7-2040FA99F631}.Release|x86.Build.0 = Release|Any CPU
	EndGlobalSection
	GlobalSection(SolutionProperties) = preSolution
		HideSolutionNode = FALSE
	EndGlobalSection
	GlobalSection(NestedProjects) = preSolution
		{B98F7CCF-9CAA-406E-88D7-2040FA99F631} = {1A650ED0-AAD0-4532-94E3-3567EC963E8E}
	EndGlobalSection
	GlobalSection(ExtensibilityGlobals) = postSolution
		SolutionGuid = {BCC02533-1DFD-4286-83DF-E0087B7948C2}
	EndGlobalSection
EndGlobal
